{
  "version": 4,
  "terraform_version": "1.12.1",
  "serial": 24,
  "lineage": "09350ea6-ed5a-3576-b28a-c34565bfca52",
  "outputs": {},
  "resources": [
    {
      "mode": "managed",
      "type": "aws_instance",
      "name": "webapp",
      "provider": "provider[\"registry.terraform.io/hashicorp/aws\"]",
      "instances": [
        {
          "status": "tainted",
          "schema_version": 1,
          "attributes": {
            "ami": "ami-0c02fb55956c7d316",
            "arn": null,
            "associate_public_ip_address": null,
            "availability_zone": null,
            "capacity_reservation_specification": null,
            "cpu_core_count": null,
            "cpu_options": null,
            "cpu_threads_per_core": null,
            "credit_specification": [],
            "disable_api_stop": null,
            "disable_api_termination": null,
            "ebs_block_device": [],
            "ebs_optimized": null,
            "enable_primary_ipv6": null,
            "enclave_options": null,
            "ephemeral_block_device": [],
            "get_password_data": false,
            "hibernation": null,
            "host_id": null,
            "host_resource_group_arn": null,
            "iam_instance_profile": null,
            "id": "i-0098f3198bb3aaccb",
            "instance_initiated_shutdown_behavior": null,
            "instance_lifecycle": null,
            "instance_market_options": null,
            "instance_state": null,
            "instance_type": "t2.micro",
            "ipv6_address_count": null,
            "ipv6_addresses": null,
            "key_name": "devops_key",
            "launch_template": [],
            "maintenance_options": null,
            "metadata_options": null,
            "monitoring": null,
            "network_interface": [],
            "outpost_arn": null,
            "password_data": null,
            "placement_group": null,
            "placement_partition_number": null,
            "primary_network_interface_id": null,
            "private_dns": null,
            "private_dns_name_options": null,
            "private_ip": null,
            "public_dns": null,
            "public_ip": null,
            "root_block_device": null,
            "secondary_private_ips": [],
            "security_groups": [],
            "source_dest_check": true,
            "spot_instance_request_id": null,
            "subnet_id": "subnet-0beba1805554e5c57",
            "tags": {
              "Name": "WebAppEC2"
            },
            "tags_all": {
              "Name": "WebAppEC2"
            },
            "tenancy": null,
            "timeouts": null,
            "user_data": null,
            "user_data_base64": null,
            "user_data_replace_on_change": false,
            "volume_tags": null,
            "vpc_security_group_ids": [
              "sg-005cad66d86508e0a"
            ]
          },
          "sensitive_attributes": [],
          "identity_schema_version": 0,
          "private": "eyJlMmJmYjczMC1lY2FhLTExZTYtOGY4OC0zNDM2M2JjN2M0YzAiOnsiY3JlYXRlIjo2MDAwMDAwMDAwMDAsImRlbGV0ZSI6MTIwMDAwMDAwMDAwMCwicmVhZCI6OTAwMDAwMDAwMDAwLCJ1cGRhdGUiOjYwMDAwMDAwMDAwMH0sInNjaGVtYV92ZXJzaW9uIjoiMSJ9",
          "dependencies": [
            "aws_key_pair.devops_key"
          ]
        }
      ]
    },
    {
      "mode": "managed",
      "type": "aws_key_pair",
      "name": "devops_key",
      "provider": "provider[\"registry.terraform.io/hashicorp/aws\"]",
      "instances": [
        {
          "schema_version": 1,
          "attributes": {
            "arn": "arn:aws:ec2:us-east-1:650251694526:key-pair/devops_key",
            "fingerprint": "a7:d1:7d:3f:94:5f:29:e4:3c:42:15:9e:44:da:e6:05",
            "id": "devops_key",
            "key_name": "devops_key",
            "key_name_prefix": "",
            "key_pair_id": "key-0cd83ffb9ce11ffc4",
            "key_type": "rsa",
            "public_key": "ssh-rsa AAAAB3NzaC1yc2EAAAADAQABAAACAQDUNa1zhEHBdSWJ9gHsCLGzw9tGTbiTc/m1oSo/WoY2i9vHYUvPkpCICwinOJt3UW9AiNkpaNYlbEslbKlgO5VZmQvV30d0R7u9GQjRAJdy4hEXnFhcQu40DwrjRmxNybrSJqH4By/Y6eqD52vlqnlIo9gciEv//TFEaGPaOpQRU6qiIDAhD8kt/7PrWomnruFPqEgW7q9fwh+ICbev8WH7CcCw4Loe5FEsvYztJA2Rq4/jMy215abFNJvHOHMcxqq/IwUJYwWqLuglwLgYB+b8/VhaFqD98kLDkvArwIzDsMgeLMtuAuSnjTrWQGGzKO+orl526iTz4+GNdToIU03cVNKTtBQ2jxb91i0YjPOmK8MEKmZ/uBKnJJJRTJvO1sSBOPv49le/AGMpcvcY3zIf73PEI3tS3JdILjj7rXjRkGSu9mY7Hb8CIhvWr6V739m0NE+7Dg3M0VWgkSvIsPbqSGv98z8so6EMyrXJBj70rptkfxcts5O7FbXvlrsy64dvqsbiugo0seUltmpVimsuVXnWc7BQNCZ4NAz+KK/lHjoS18jPwbV22CaaNTicn81/2ZiPGFefwjjm3vlXtpOYDFwZjeI9fN2sXKEnXquS6tgNlRdlONr3+BeE0KRNy8XHVI7UCUmlyqUwQW23owx4x/etKxKJrtil2h3hctK/0w== ec2-deploy",
            "tags": {},
            "tags_all": {}
          },
          "sensitive_attributes": [],
          "identity_schema_version": 0,
          "private": "eyJzY2hlbWFfdmVyc2lvbiI6IjEifQ=="
        }
      ]
    }
  ],
  "check_results": null
}
