{
  "version": 4,
  "terraform_version": "1.12.1",
  "serial": 27,
  "lineage": "09350ea6-ed5a-3576-b28a-c34565bfca52",
  "outputs": {},
  "resources": [
    {
      "mode": "managed",
      "type": "aws_instance",
      "name": "webapp",
      "provider": "provider[\"registry.terraform.io/hashicorp/aws\"]",
      "instances": [
        {
          "schema_version": 1,
          "attributes": {
            "ami": "ami-0c02fb55956c7d316",
            "arn": "arn:aws:ec2:us-east-1:650251694526:instance/i-0d90186c74c56c503",
            "associate_public_ip_address": true,
            "availability_zone": "us-east-1a",
            "capacity_reservation_specification": [
              {
                "capacity_reservation_preference": "open",
                "capacity_reservation_target": []
              }
            ],
            "cpu_core_count": 1,
            "cpu_options": [
              {
                "amd_sev_snp": "",
                "core_count": 1,
                "threads_per_core": 1
              }
            ],
            "cpu_threads_per_core": 1,
            "credit_specification": [
              {
                "cpu_credits": "standard"
              }
            ],
            "disable_api_stop": false,
            "disable_api_termination": false,
            "ebs_block_device": [],
            "ebs_optimized": false,
            "enable_primary_ipv6": null,
            "enclave_options": [
              {
                "enabled": false
              }
            ],
            "ephemeral_block_device": [],
            "get_password_data": false,
            "hibernation": false,
            "host_id": "",
            "host_resource_group_arn": null,
            "iam_instance_profile": "",
            "id": "i-0d90186c74c56c503",
            "instance_initiated_shutdown_behavior": "stop",
            "instance_lifecycle": "",
            "instance_market_options": [],
            "instance_state": "running",
            "instance_type": "t2.micro",
            "ipv6_address_count": 0,
            "ipv6_addresses": [],
            "key_name": "devops_key",
            "launch_template": [],
            "maintenance_options": [
              {
                "auto_recovery": "default"
              }
            ],
            "metadata_options": [
              {
                "http_endpoint": "enabled",
                "http_protocol_ipv6": "disabled",
                "http_put_response_hop_limit": 1,
                "http_tokens": "optional",
                "instance_metadata_tags": "disabled"
              }
            ],
            "monitoring": false,
            "network_interface": [],
            "outpost_arn": "",
            "password_data": "",
            "placement_group": "",
            "placement_partition_number": 0,
            "primary_network_interface_id": "eni-089281fdb80fc53f0",
            "private_dns": "ip-172-31-40-210.ec2.internal",
            "private_dns_name_options": [
              {
                "enable_resource_name_dns_a_record": false,
                "enable_resource_name_dns_aaaa_record": false,
                "hostname_type": "ip-name"
              }
            ],
            "private_ip": "172.31.40.210",
            "public_dns": "ec2-54-88-1-144.compute-1.amazonaws.com",
            "public_ip": "54.88.1.144",
            "root_block_device": [
              {
                "delete_on_termination": true,
                "device_name": "/dev/xvda",
                "encrypted": false,
                "iops": 100,
                "kms_key_id": "",
                "tags": {},
                "tags_all": {},
                "throughput": 0,
                "volume_id": "vol-0552c73c7503b124a",
                "volume_size": 8,
                "volume_type": "gp2"
              }
            ],
            "secondary_private_ips": [],
            "security_groups": [],
            "source_dest_check": true,
            "spot_instance_request_id": "",
            "subnet_id": "subnet-0beba1805554e5c57",
            "tags": {
              "Name": "WebAppEC2"
            },
            "tags_all": {
              "Name": "WebAppEC2"
            },
            "tenancy": "default",
            "timeouts": null,
            "user_data": null,
            "user_data_base64": null,
            "user_data_replace_on_change": false,
            "volume_tags": null,
            "vpc_security_group_ids": [
              "sg-005cad66d86508e0a"
            ]
          },
          "sensitive_attributes": [],
          "identity_schema_version": 0,
          "private": "eyJlMmJmYjczMC1lY2FhLTExZTYtOGY4OC0zNDM2M2JjN2M0YzAiOnsiY3JlYXRlIjo2MDAwMDAwMDAwMDAsImRlbGV0ZSI6MTIwMDAwMDAwMDAwMCwicmVhZCI6OTAwMDAwMDAwMDAwLCJ1cGRhdGUiOjYwMDAwMDAwMDAwMH0sInNjaGVtYV92ZXJzaW9uIjoiMSJ9",
          "dependencies": [
            "aws_key_pair.devops_key"
          ]
        }
      ]
    },
    {
      "mode": "managed",
      "type": "aws_key_pair",
      "name": "devops_key",
      "provider": "provider[\"registry.terraform.io/hashicorp/aws\"]",
      "instances": [
        {
          "schema_version": 1,
          "attributes": {
            "arn": "arn:aws:ec2:us-east-1:650251694526:key-pair/devops_key",
            "fingerprint": "a7:d1:7d:3f:94:5f:29:e4:3c:42:15:9e:44:da:e6:05",
            "id": "devops_key",
            "key_name": "devops_key",
            "key_name_prefix": "",
            "key_pair_id": "key-0cd83ffb9ce11ffc4",
            "key_type": "rsa",
            "public_key": "ssh-rsa AAAAB3NzaC1yc2EAAAADAQABAAACAQDUNa1zhEHBdSWJ9gHsCLGzw9tGTbiTc/m1oSo/WoY2i9vHYUvPkpCICwinOJt3UW9AiNkpaNYlbEslbKlgO5VZmQvV30d0R7u9GQjRAJdy4hEXnFhcQu40DwrjRmxNybrSJqH4By/Y6eqD52vlqnlIo9gciEv//TFEaGPaOpQRU6qiIDAhD8kt/7PrWomnruFPqEgW7q9fwh+ICbev8WH7CcCw4Loe5FEsvYztJA2Rq4/jMy215abFNJvHOHMcxqq/IwUJYwWqLuglwLgYB+b8/VhaFqD98kLDkvArwIzDsMgeLMtuAuSnjTrWQGGzKO+orl526iTz4+GNdToIU03cVNKTtBQ2jxb91i0YjPOmK8MEKmZ/uBKnJJJRTJvO1sSBOPv49le/AGMpcvcY3zIf73PEI3tS3JdILjj7rXjRkGSu9mY7Hb8CIhvWr6V739m0NE+7Dg3M0VWgkSvIsPbqSGv98z8so6EMyrXJBj70rptkfxcts5O7FbXvlrsy64dvqsbiugo0seUltmpVimsuVXnWc7BQNCZ4NAz+KK/lHjoS18jPwbV22CaaNTicn81/2ZiPGFefwjjm3vlXtpOYDFwZjeI9fN2sXKEnXquS6tgNlRdlONr3+BeE0KRNy8XHVI7UCUmlyqUwQW23owx4x/etKxKJrtil2h3hctK/0w== ec2-deploy",
            "tags": {},
            "tags_all": {}
          },
          "sensitive_attributes": [],
          "identity_schema_version": 0,
          "private": "eyJzY2hlbWFfdmVyc2lvbiI6IjEifQ=="
        }
      ]
    }
  ],
  "check_results": null
}
